// !$*UTF8*$!
{
	archiveVersion = 1;
	classes = {
	};
	objectVersion = 54;
	objects = {

/* Begin PBXBuildFile section */
		00E356F31AD99517003FC87E /* AdCastTests.m in Sources */ = {isa = PBXBuildFile; fileRef = 00E356F21AD99517003FC87E /* AdCastTests.m */; };
		04A498E269104826963E337C /* SofiaProLight.otf in Resources */ = {isa = PBXBuildFile; fileRef = 4740B34B69D2404FA691A727 /* SofiaProLight.otf */; };
		13B07FBC1A68108700A75B9A /* AppDelegate.m in Sources */ = {isa = PBXBuildFile; fileRef = 13B07FB01A68108700A75B9A /* AppDelegate.m */; };
		13B07FBF1A68108700A75B9A /* Images.xcassets in Resources */ = {isa = PBXBuildFile; fileRef = 13B07FB51A68108700A75B9A /* Images.xcassets */; };
		13B07FC11A68108700A75B9A /* main.m in Sources */ = {isa = PBXBuildFile; fileRef = 13B07FB71A68108700A75B9A /* main.m */; };
		1A970C254C974F458DA3B021 /* SofiaProBlackItalic.otf in Resources */ = {isa = PBXBuildFile; fileRef = 57F58EBC734247BF99FE63CE /* SofiaProBlackItalic.otf */; };
		1B61DEE94108482E8CD31268 /* SofiaProBoldItalic.otf in Resources */ = {isa = PBXBuildFile; fileRef = 3872EBEF86F74EF9B81A65D4 /* SofiaProBoldItalic.otf */; };
		31A0614F2634481200E7D485 /* JavaScriptCore.framework in Frameworks */ = {isa = PBXBuildFile; fileRef = ED297162215061F000B7C4FE /* JavaScriptCore.framework */; };
		31A06187263449E400E7D485 /* File.swift in Sources */ = {isa = PBXBuildFile; fileRef = 31A06186263449E400E7D485 /* File.swift */; };
		325FDC8B0A104CF0B4FF3E42 /* SofiaProBlack.otf in Resources */ = {isa = PBXBuildFile; fileRef = 368E4DAE61504AF2902B68D4 /* SofiaProBlack.otf */; };
		42ED83137BC2483FBCF8E426 /* SofiaProExtraLightItalic.otf in Resources */ = {isa = PBXBuildFile; fileRef = B89983705EEB49C29CC69122 /* SofiaProExtraLightItalic.otf */; };
		4FEDB6633A8E4E3E8F6CCA58 /* SofiaProLightItalic.otf in Resources */ = {isa = PBXBuildFile; fileRef = EB5635E6DBA7441C86F27AE1 /* SofiaProLightItalic.otf */; };
		5B5014B5276745F8A08FD76D /* SofiaProSemiBoldItalic.otf in Resources */ = {isa = PBXBuildFile; fileRef = F7AFC2BF48724B3196D79961 /* SofiaProSemiBoldItalic.otf */; };
		6F4570BD60944BFB8BE58FFF /* SofiaProRegularItalic.otf in Resources */ = {isa = PBXBuildFile; fileRef = 92FD3BFD98E04F158F4EA2F9 /* SofiaProRegularItalic.otf */; };
		7DBD12130EE74CFFB8DABCBA /* SofiaProBold.otf in Resources */ = {isa = PBXBuildFile; fileRef = 77366C872B594DCC877C0297 /* SofiaProBold.otf */; };
		7DCEDB0DB34E44AF9F94CC58 /* SofiaProSemiBold.otf in Resources */ = {isa = PBXBuildFile; fileRef = 71897E0CCAD845939BFAF380 /* SofiaProSemiBold.otf */; };
		81AB9BB82411601600AC10FF /* LaunchScreen.storyboard in Resources */ = {isa = PBXBuildFile; fileRef = 81AB9BB72411601600AC10FF /* LaunchScreen.storyboard */; };
		84F14CE21606467491C7052E /* SofiaProUltraLightItalic.otf in Resources */ = {isa = PBXBuildFile; fileRef = 2008D7E863584CB694094E2E /* SofiaProUltraLightItalic.otf */; };
		9CAE7BD07EB647C1B968EE83 /* SofiaProMediumItalic.otf in Resources */ = {isa = PBXBuildFile; fileRef = 0D7F6FFA2E2A4A4194F51CE6 /* SofiaProMediumItalic.otf */; };
		A18266394686411F8A9A843C /* SofiaProExtraLight.otf in Resources */ = {isa = PBXBuildFile; fileRef = 092761566C8347D9AF2F53C6 /* SofiaProExtraLight.otf */; };
		A87A0CF19C1D4FBFB034CE69 /* SofiaProUltraLight.otf in Resources */ = {isa = PBXBuildFile; fileRef = 6CA2907A21794B09B719BC39 /* SofiaProUltraLight.otf */; };
		B8AC1C396DD0E15D36A3B2BA /* libPods-AdCast.a in Frameworks */ = {isa = PBXBuildFile; fileRef = 97ACA9C27A50176062F06F92 /* libPods-AdCast.a */; };
		D0D1D046856D41E98FDFC712 /* SofiaProMedium.otf in Resources */ = {isa = PBXBuildFile; fileRef = 70F64FFF150C41A4B6A1F85F /* SofiaProMedium.otf */; };
		FEFF96DD04FA6E4BFA17E3D1 /* libPods-AdCast-AdCastTests.a in Frameworks */ = {isa = PBXBuildFile; fileRef = B506978BEF0054AEDD8E8C15 /* libPods-AdCast-AdCastTests.a */; };
		FFBBDB27050646B0A5D631F5 /* SofiaProRegular.otf in Resources */ = {isa = PBXBuildFile; fileRef = 42D1A0A7B318464F936DA75B /* SofiaProRegular.otf */; };
/* End PBXBuildFile section */

/* Begin PBXContainerItemProxy section */
		00E356F41AD99517003FC87E /* PBXContainerItemProxy */ = {
			isa = PBXContainerItemProxy;
			containerPortal = 83CBB9F71A601CBA00E9B192 /* Project object */;
			proxyType = 1;
			remoteGlobalIDString = 13B07F861A680F5B00A75B9A;
			remoteInfo = AdCast;
		};
/* End PBXContainerItemProxy section */

/* Begin PBXFileReference section */
		00E356EE1AD99517003FC87E /* AdCastTests.xctest */ = {isa = PBXFileReference; explicitFileType = wrapper.cfbundle; includeInIndex = 0; path = AdCastTests.xctest; sourceTree = BUILT_PRODUCTS_DIR; };
		00E356F11AD99517003FC87E /* Info.plist */ = {isa = PBXFileReference; lastKnownFileType = text.plist.xml; path = Info.plist; sourceTree = "<group>"; };
		00E356F21AD99517003FC87E /* AdCastTests.m */ = {isa = PBXFileReference; lastKnownFileType = sourcecode.c.objc; path = AdCastTests.m; sourceTree = "<group>"; };
		081C35227C054C85B7FDFDE1 /* Ionicons.ttf */ = {isa = PBXFileReference; explicitFileType = undefined; fileEncoding = 9; includeInIndex = 0; lastKnownFileType = unknown; name = Ionicons.ttf; path = "../node_modules/react-native-vector-icons/Fonts/Ionicons.ttf"; sourceTree = "<group>"; };
		092761566C8347D9AF2F53C6 /* SofiaProExtraLight.otf */ = {isa = PBXFileReference; explicitFileType = undefined; fileEncoding = 9; includeInIndex = 0; lastKnownFileType = unknown; name = SofiaProExtraLight.otf; path = ../src/assets/fonts/SofiaProExtraLight.otf; sourceTree = "<group>"; };
		0D7F6FFA2E2A4A4194F51CE6 /* SofiaProMediumItalic.otf */ = {isa = PBXFileReference; explicitFileType = undefined; fileEncoding = 9; includeInIndex = 0; lastKnownFileType = unknown; name = SofiaProMediumItalic.otf; path = ../src/assets/fonts/SofiaProMediumItalic.otf; sourceTree = "<group>"; };
		13B07F961A680F5B00A75B9A /* AdCast.app */ = {isa = PBXFileReference; explicitFileType = wrapper.application; includeInIndex = 0; path = AdCast.app; sourceTree = BUILT_PRODUCTS_DIR; };
		13B07FAF1A68108700A75B9A /* AppDelegate.h */ = {isa = PBXFileReference; fileEncoding = 4; lastKnownFileType = sourcecode.c.h; name = AppDelegate.h; path = AdCast/AppDelegate.h; sourceTree = "<group>"; };
		13B07FB01A68108700A75B9A /* AppDelegate.m */ = {isa = PBXFileReference; fileEncoding = 4; lastKnownFileType = sourcecode.c.objc; name = AppDelegate.m; path = AdCast/AppDelegate.m; sourceTree = "<group>"; };
		13B07FB51A68108700A75B9A /* Images.xcassets */ = {isa = PBXFileReference; lastKnownFileType = folder.assetcatalog; name = Images.xcassets; path = AdCast/Images.xcassets; sourceTree = "<group>"; };
		13B07FB61A68108700A75B9A /* Info.plist */ = {isa = PBXFileReference; fileEncoding = 4; lastKnownFileType = text.plist.xml; name = Info.plist; path = AdCast/Info.plist; sourceTree = "<group>"; };
		13B07FB71A68108700A75B9A /* main.m */ = {isa = PBXFileReference; fileEncoding = 4; lastKnownFileType = sourcecode.c.objc; name = main.m; path = AdCast/main.m; sourceTree = "<group>"; };
		2008D7E863584CB694094E2E /* SofiaProUltraLightItalic.otf */ = {isa = PBXFileReference; explicitFileType = undefined; fileEncoding = 9; includeInIndex = 0; lastKnownFileType = unknown; name = SofiaProUltraLightItalic.otf; path = ../src/assets/fonts/SofiaProUltraLightItalic.otf; sourceTree = "<group>"; };
		2EAC282E064B403CBCC2F3BE /* AntDesign.ttf */ = {isa = PBXFileReference; explicitFileType = undefined; fileEncoding = 9; includeInIndex = 0; lastKnownFileType = unknown; name = AntDesign.ttf; path = "../node_modules/react-native-vector-icons/Fonts/AntDesign.ttf"; sourceTree = "<group>"; };
		3112CEE0263C53CE007BCE5A /* AdCast-Bridging-Header.h */ = {isa = PBXFileReference; lastKnownFileType = sourcecode.c.h; path = "AdCast-Bridging-Header.h"; sourceTree = "<group>"; };
		314D63AE264090BC0072019F /* AdCast-Bridging-Header.h */ = {isa = PBXFileReference; lastKnownFileType = sourcecode.c.h; path = "AdCast-Bridging-Header.h"; sourceTree = "<group>"; };
		31543C022636D2DA00675AD8 /* AdCast-Bridging-Header.h */ = {isa = PBXFileReference; lastKnownFileType = sourcecode.c.h; path = "AdCast-Bridging-Header.h"; sourceTree = "<group>"; };
		31A060B32634440200E7D485 /* Foundation.ttf */ = {isa = PBXFileReference; lastKnownFileType = file; name = Foundation.ttf; path = "../node_modules/react-native-vector-icons/Fonts/Foundation.ttf"; sourceTree = "<group>"; };
		31A060B42634440200E7D485 /* Ionicons.ttf */ = {isa = PBXFileReference; lastKnownFileType = file; name = Ionicons.ttf; path = "../node_modules/react-native-vector-icons/Fonts/Ionicons.ttf"; sourceTree = "<group>"; };
		31A060B52634440300E7D485 /* Entypo.ttf */ = {isa = PBXFileReference; lastKnownFileType = file; name = Entypo.ttf; path = "../node_modules/react-native-vector-icons/Fonts/Entypo.ttf"; sourceTree = "<group>"; };
		31A060B62634440300E7D485 /* FontAwesome5_Regular.ttf */ = {isa = PBXFileReference; lastKnownFileType = file; name = FontAwesome5_Regular.ttf; path = "../node_modules/react-native-vector-icons/Fonts/FontAwesome5_Regular.ttf"; sourceTree = "<group>"; };
		31A060B72634440300E7D485 /* Zocial.ttf */ = {isa = PBXFileReference; lastKnownFileType = file; name = Zocial.ttf; path = "../node_modules/react-native-vector-icons/Fonts/Zocial.ttf"; sourceTree = "<group>"; };
		31A060B82634440300E7D485 /* SimpleLineIcons.ttf */ = {isa = PBXFileReference; lastKnownFileType = file; name = SimpleLineIcons.ttf; path = "../node_modules/react-native-vector-icons/Fonts/SimpleLineIcons.ttf"; sourceTree = "<group>"; };
		31A060B92634440300E7D485 /* Octicons.ttf */ = {isa = PBXFileReference; lastKnownFileType = file; name = Octicons.ttf; path = "../node_modules/react-native-vector-icons/Fonts/Octicons.ttf"; sourceTree = "<group>"; };
		31A060BA2634440300E7D485 /* Feather.ttf */ = {isa = PBXFileReference; lastKnownFileType = file; name = Feather.ttf; path = "../node_modules/react-native-vector-icons/Fonts/Feather.ttf"; sourceTree = "<group>"; };
		31A060BB2634440300E7D485 /* MaterialIcons.ttf */ = {isa = PBXFileReference; lastKnownFileType = file; name = MaterialIcons.ttf; path = "../node_modules/react-native-vector-icons/Fonts/MaterialIcons.ttf"; sourceTree = "<group>"; };
		31A060BC2634440300E7D485 /* EvilIcons.ttf */ = {isa = PBXFileReference; lastKnownFileType = file; name = EvilIcons.ttf; path = "../node_modules/react-native-vector-icons/Fonts/EvilIcons.ttf"; sourceTree = "<group>"; };
		31A060BD2634440300E7D485 /* AntDesign.ttf */ = {isa = PBXFileReference; lastKnownFileType = file; name = AntDesign.ttf; path = "../node_modules/react-native-vector-icons/Fonts/AntDesign.ttf"; sourceTree = "<group>"; };
		31A060BE2634440300E7D485 /* MaterialCommunityIcons.ttf */ = {isa = PBXFileReference; lastKnownFileType = file; name = MaterialCommunityIcons.ttf; path = "../node_modules/react-native-vector-icons/Fonts/MaterialCommunityIcons.ttf"; sourceTree = "<group>"; };
		31A060BF2634440300E7D485 /* Fontisto.ttf */ = {isa = PBXFileReference; lastKnownFileType = file; name = Fontisto.ttf; path = "../node_modules/react-native-vector-icons/Fonts/Fontisto.ttf"; sourceTree = "<group>"; };
		31A060C02634440400E7D485 /* FontAwesome.ttf */ = {isa = PBXFileReference; lastKnownFileType = file; name = FontAwesome.ttf; path = "../node_modules/react-native-vector-icons/Fonts/FontAwesome.ttf"; sourceTree = "<group>"; };
		31A060C12634440400E7D485 /* FontAwesome5_Brands.ttf */ = {isa = PBXFileReference; lastKnownFileType = file; name = FontAwesome5_Brands.ttf; path = "../node_modules/react-native-vector-icons/Fonts/FontAwesome5_Brands.ttf"; sourceTree = "<group>"; };
		31A060C22634440400E7D485 /* FontAwesome5_Solid.ttf */ = {isa = PBXFileReference; lastKnownFileType = file; name = FontAwesome5_Solid.ttf; path = "../node_modules/react-native-vector-icons/Fonts/FontAwesome5_Solid.ttf"; sourceTree = "<group>"; };
		31A06186263449E400E7D485 /* File.swift */ = {isa = PBXFileReference; lastKnownFileType = sourcecode.swift; path = File.swift; sourceTree = "<group>"; };
		31BD0BB22699F9D300F39615 /* AdCast.entitlements */ = {isa = PBXFileReference; lastKnownFileType = text.plist.entitlements; name = AdCast.entitlements; path = AdCast/AdCast.entitlements; sourceTree = "<group>"; };
		368E4DAE61504AF2902B68D4 /* SofiaProBlack.otf */ = {isa = PBXFileReference; explicitFileType = undefined; fileEncoding = 9; includeInIndex = 0; lastKnownFileType = unknown; name = SofiaProBlack.otf; path = ../src/assets/fonts/SofiaProBlack.otf; sourceTree = "<group>"; };
		3872EBEF86F74EF9B81A65D4 /* SofiaProBoldItalic.otf */ = {isa = PBXFileReference; explicitFileType = undefined; fileEncoding = 9; includeInIndex = 0; lastKnownFileType = unknown; name = SofiaProBoldItalic.otf; path = ../src/assets/fonts/SofiaProBoldItalic.otf; sourceTree = "<group>"; };
		39296B3336DA4713841B985C /* EvilIcons.ttf */ = {isa = PBXFileReference; explicitFileType = undefined; fileEncoding = 9; includeInIndex = 0; lastKnownFileType = unknown; name = EvilIcons.ttf; path = "../node_modules/react-native-vector-icons/Fonts/EvilIcons.ttf"; sourceTree = "<group>"; };
		42D1A0A7B318464F936DA75B /* SofiaProRegular.otf */ = {isa = PBXFileReference; explicitFileType = undefined; fileEncoding = 9; includeInIndex = 0; lastKnownFileType = unknown; name = SofiaProRegular.otf; path = ../src/assets/fonts/SofiaProRegular.otf; sourceTree = "<group>"; };
		4740B34B69D2404FA691A727 /* SofiaProLight.otf */ = {isa = PBXFileReference; explicitFileType = undefined; fileEncoding = 9; includeInIndex = 0; lastKnownFileType = unknown; name = SofiaProLight.otf; path = ../src/assets/fonts/SofiaProLight.otf; sourceTree = "<group>"; };
		57F58EBC734247BF99FE63CE /* SofiaProBlackItalic.otf */ = {isa = PBXFileReference; explicitFileType = undefined; fileEncoding = 9; includeInIndex = 0; lastKnownFileType = unknown; name = SofiaProBlackItalic.otf; path = ../src/assets/fonts/SofiaProBlackItalic.otf; sourceTree = "<group>"; };
		5EEF3CCFFEA9474B86AD9B9D /* FontAwesome.ttf */ = {isa = PBXFileReference; explicitFileType = undefined; fileEncoding = 9; includeInIndex = 0; lastKnownFileType = unknown; name = FontAwesome.ttf; path = "../node_modules/react-native-vector-icons/Fonts/FontAwesome.ttf"; sourceTree = "<group>"; };
		606D938DBFE54EFC89B2E626 /* MaterialIcons.ttf */ = {isa = PBXFileReference; explicitFileType = undefined; fileEncoding = 9; includeInIndex = 0; lastKnownFileType = unknown; name = MaterialIcons.ttf; path = "../node_modules/react-native-vector-icons/Fonts/MaterialIcons.ttf"; sourceTree = "<group>"; };
		6ACF93BE961143E684E92664 /* Octicons.ttf */ = {isa = PBXFileReference; explicitFileType = undefined; fileEncoding = 9; includeInIndex = 0; lastKnownFileType = unknown; name = Octicons.ttf; path = "../node_modules/react-native-vector-icons/Fonts/Octicons.ttf"; sourceTree = "<group>"; };
		6CA2907A21794B09B719BC39 /* SofiaProUltraLight.otf */ = {isa = PBXFileReference; explicitFileType = undefined; fileEncoding = 9; includeInIndex = 0; lastKnownFileType = unknown; name = SofiaProUltraLight.otf; path = ../src/assets/fonts/SofiaProUltraLight.otf; sourceTree = "<group>"; };
		6FE3C358441840B2B845A4D8 /* Feather.ttf */ = {isa = PBXFileReference; explicitFileType = undefined; fileEncoding = 9; includeInIndex = 0; lastKnownFileType = unknown; name = Feather.ttf; path = "../node_modules/react-native-vector-icons/Fonts/Feather.ttf"; sourceTree = "<group>"; };
		70F64FFF150C41A4B6A1F85F /* SofiaProMedium.otf */ = {isa = PBXFileReference; explicitFileType = undefined; fileEncoding = 9; includeInIndex = 0; lastKnownFileType = unknown; name = SofiaProMedium.otf; path = ../src/assets/fonts/SofiaProMedium.otf; sourceTree = "<group>"; };
		71897E0CCAD845939BFAF380 /* SofiaProSemiBold.otf */ = {isa = PBXFileReference; explicitFileType = undefined; fileEncoding = 9; includeInIndex = 0; lastKnownFileType = unknown; name = SofiaProSemiBold.otf; path = ../src/assets/fonts/SofiaProSemiBold.otf; sourceTree = "<group>"; };
		77366C872B594DCC877C0297 /* SofiaProBold.otf */ = {isa = PBXFileReference; explicitFileType = undefined; fileEncoding = 9; includeInIndex = 0; lastKnownFileType = unknown; name = SofiaProBold.otf; path = ../src/assets/fonts/SofiaProBold.otf; sourceTree = "<group>"; };
		7C21A9145FED491AB6B5203E /* FontAwesome5_Regular.ttf */ = {isa = PBXFileReference; explicitFileType = undefined; fileEncoding = 9; includeInIndex = 0; lastKnownFileType = unknown; name = FontAwesome5_Regular.ttf; path = "../node_modules/react-native-vector-icons/Fonts/FontAwesome5_Regular.ttf"; sourceTree = "<group>"; };
		7C588A567A604323B2E11310 /* Fontisto.ttf */ = {isa = PBXFileReference; explicitFileType = undefined; fileEncoding = 9; includeInIndex = 0; lastKnownFileType = unknown; name = Fontisto.ttf; path = "../node_modules/react-native-vector-icons/Fonts/Fontisto.ttf"; sourceTree = "<group>"; };
		81AB9BB72411601600AC10FF /* LaunchScreen.storyboard */ = {isa = PBXFileReference; fileEncoding = 4; lastKnownFileType = file.storyboard; name = LaunchScreen.storyboard; path = AdCast/LaunchScreen.storyboard; sourceTree = "<group>"; };
		8B3BB81D6B704E21A3A880DB /* MaterialCommunityIcons.ttf */ = {isa = PBXFileReference; explicitFileType = undefined; fileEncoding = 9; includeInIndex = 0; lastKnownFileType = unknown; name = MaterialCommunityIcons.ttf; path = "../node_modules/react-native-vector-icons/Fonts/MaterialCommunityIcons.ttf"; sourceTree = "<group>"; };
		90BBFA2EB91B44D2B7C35724 /* SimpleLineIcons.ttf */ = {isa = PBXFileReference; explicitFileType = undefined; fileEncoding = 9; includeInIndex = 0; lastKnownFileType = unknown; name = SimpleLineIcons.ttf; path = "../node_modules/react-native-vector-icons/Fonts/SimpleLineIcons.ttf"; sourceTree = "<group>"; };
		92FD3BFD98E04F158F4EA2F9 /* SofiaProRegularItalic.otf */ = {isa = PBXFileReference; explicitFileType = undefined; fileEncoding = 9; includeInIndex = 0; lastKnownFileType = unknown; name = SofiaProRegularItalic.otf; path = ../src/assets/fonts/SofiaProRegularItalic.otf; sourceTree = "<group>"; };
		97ACA9C27A50176062F06F92 /* libPods-AdCast.a */ = {isa = PBXFileReference; explicitFileType = archive.ar; includeInIndex = 0; path = "libPods-AdCast.a"; sourceTree = BUILT_PRODUCTS_DIR; };
		A09AEBBADB6749ECAB19E398 /* FontAwesome5_Solid.ttf */ = {isa = PBXFileReference; explicitFileType = undefined; fileEncoding = 9; includeInIndex = 0; lastKnownFileType = unknown; name = FontAwesome5_Solid.ttf; path = "../node_modules/react-native-vector-icons/Fonts/FontAwesome5_Solid.ttf"; sourceTree = "<group>"; };
		A45120A6A4AC515AC7AFDFA6 /* Pods-AdCast.release.xcconfig */ = {isa = PBXFileReference; includeInIndex = 1; lastKnownFileType = text.xcconfig; name = "Pods-AdCast.release.xcconfig"; path = "Target Support Files/Pods-AdCast/Pods-AdCast.release.xcconfig"; sourceTree = "<group>"; };
		B506978BEF0054AEDD8E8C15 /* libPods-AdCast-AdCastTests.a */ = {isa = PBXFileReference; explicitFileType = archive.ar; includeInIndex = 0; path = "libPods-AdCast-AdCastTests.a"; sourceTree = BUILT_PRODUCTS_DIR; };
		B59322521A3440CCAD44D103 /* FontAwesome5_Brands.ttf */ = {isa = PBXFileReference; explicitFileType = undefined; fileEncoding = 9; includeInIndex = 0; lastKnownFileType = unknown; name = FontAwesome5_Brands.ttf; path = "../node_modules/react-native-vector-icons/Fonts/FontAwesome5_Brands.ttf"; sourceTree = "<group>"; };
		B89983705EEB49C29CC69122 /* SofiaProExtraLightItalic.otf */ = {isa = PBXFileReference; explicitFileType = undefined; fileEncoding = 9; includeInIndex = 0; lastKnownFileType = unknown; name = SofiaProExtraLightItalic.otf; path = ../src/assets/fonts/SofiaProExtraLightItalic.otf; sourceTree = "<group>"; };
		BA18CD2E96512139900E7713 /* Pods-AdCast-AdCastTests.release.xcconfig */ = {isa = PBXFileReference; includeInIndex = 1; lastKnownFileType = text.xcconfig; name = "Pods-AdCast-AdCastTests.release.xcconfig"; path = "Target Support Files/Pods-AdCast-AdCastTests/Pods-AdCast-AdCastTests.release.xcconfig"; sourceTree = "<group>"; };
		D022678E009E4E0B984CD81C /* Zocial.ttf */ = {isa = PBXFileReference; explicitFileType = undefined; fileEncoding = 9; includeInIndex = 0; lastKnownFileType = unknown; name = Zocial.ttf; path = "../node_modules/react-native-vector-icons/Fonts/Zocial.ttf"; sourceTree = "<group>"; };
		E90169F7BD0149DA8C8A3C5B /* Foundation.ttf */ = {isa = PBXFileReference; explicitFileType = undefined; fileEncoding = 9; includeInIndex = 0; lastKnownFileType = unknown; name = Foundation.ttf; path = "../node_modules/react-native-vector-icons/Fonts/Foundation.ttf"; sourceTree = "<group>"; };
		EB5635E6DBA7441C86F27AE1 /* SofiaProLightItalic.otf */ = {isa = PBXFileReference; explicitFileType = undefined; fileEncoding = 9; includeInIndex = 0; lastKnownFileType = unknown; name = SofiaProLightItalic.otf; path = ../src/assets/fonts/SofiaProLightItalic.otf; sourceTree = "<group>"; };
		ED297162215061F000B7C4FE /* JavaScriptCore.framework */ = {isa = PBXFileReference; lastKnownFileType = wrapper.framework; name = JavaScriptCore.framework; path = System/Library/Frameworks/JavaScriptCore.framework; sourceTree = SDKROOT; };
		F7AFC2BF48724B3196D79961 /* SofiaProSemiBoldItalic.otf */ = {isa = PBXFileReference; explicitFileType = undefined; fileEncoding = 9; includeInIndex = 0; lastKnownFileType = unknown; name = SofiaProSemiBoldItalic.otf; path = ../src/assets/fonts/SofiaProSemiBoldItalic.otf; sourceTree = "<group>"; };
		F926A82411D64777B2BEEBA2 /* Entypo.ttf */ = {isa = PBXFileReference; explicitFileType = undefined; fileEncoding = 9; includeInIndex = 0; lastKnownFileType = unknown; name = Entypo.ttf; path = "../node_modules/react-native-vector-icons/Fonts/Entypo.ttf"; sourceTree = "<group>"; };
		F9C86F1766B1DA55847F0CF6 /* Pods-AdCast-AdCastTests.debug.xcconfig */ = {isa = PBXFileReference; includeInIndex = 1; lastKnownFileType = text.xcconfig; name = "Pods-AdCast-AdCastTests.debug.xcconfig"; path = "Target Support Files/Pods-AdCast-AdCastTests/Pods-AdCast-AdCastTests.debug.xcconfig"; sourceTree = "<group>"; };
		FD07A420B109D9761B52872E /* Pods-AdCast.debug.xcconfig */ = {isa = PBXFileReference; includeInIndex = 1; lastKnownFileType = text.xcconfig; name = "Pods-AdCast.debug.xcconfig"; path = "Target Support Files/Pods-AdCast/Pods-AdCast.debug.xcconfig"; sourceTree = "<group>"; };
/* End PBXFileReference section */

/* Begin PBXFrameworksBuildPhase section */
		00E356EB1AD99517003FC87E /* Frameworks */ = {
			isa = PBXFrameworksBuildPhase;
			buildActionMask = 2147483647;
			files = (
				FEFF96DD04FA6E4BFA17E3D1 /* libPods-AdCast-AdCastTests.a in Frameworks */,
			);
			runOnlyForDeploymentPostprocessing = 0;
		};
		13B07F8C1A680F5B00A75B9A /* Frameworks */ = {
			isa = PBXFrameworksBuildPhase;
			buildActionMask = 2147483647;
			files = (
				31A0614F2634481200E7D485 /* JavaScriptCore.framework in Frameworks */,
				B8AC1C396DD0E15D36A3B2BA /* libPods-AdCast.a in Frameworks */,
			);
			runOnlyForDeploymentPostprocessing = 0;
		};
/* End PBXFrameworksBuildPhase section */

/* Begin PBXGroup section */
		00E356EF1AD99517003FC87E /* AdCastTests */ = {
			isa = PBXGroup;
			children = (
				00E356F21AD99517003FC87E /* AdCastTests.m */,
				00E356F01AD99517003FC87E /* Supporting Files */,
			);
			path = AdCastTests;
			sourceTree = "<group>";
		};
		00E356F01AD99517003FC87E /* Supporting Files */ = {
			isa = PBXGroup;
			children = (
				00E356F11AD99517003FC87E /* Info.plist */,
			);
			name = "Supporting Files";
			sourceTree = "<group>";
		};
		13B07FAE1A68108700A75B9A /* AdCast */ = {
			isa = PBXGroup;
			children = (
				31BD0BB22699F9D300F39615 /* AdCast.entitlements */,
				31A060AE2634439600E7D485 /* Fonts */,
				13B07FAF1A68108700A75B9A /* AppDelegate.h */,
				13B07FB01A68108700A75B9A /* AppDelegate.m */,
				13B07FB51A68108700A75B9A /* Images.xcassets */,
				13B07FB61A68108700A75B9A /* Info.plist */,
				81AB9BB72411601600AC10FF /* LaunchScreen.storyboard */,
				13B07FB71A68108700A75B9A /* main.m */,
			);
			name = AdCast;
			sourceTree = "<group>";
		};
		2D16E6871FA4F8E400B85C8A /* Frameworks */ = {
			isa = PBXGroup;
			children = (
				ED297162215061F000B7C4FE /* JavaScriptCore.framework */,
				97ACA9C27A50176062F06F92 /* libPods-AdCast.a */,
				B506978BEF0054AEDD8E8C15 /* libPods-AdCast-AdCastTests.a */,
			);
			name = Frameworks;
			sourceTree = "<group>";
		};
		31A060AE2634439600E7D485 /* Fonts */ = {
			isa = PBXGroup;
			children = (
				31A060BD2634440300E7D485 /* AntDesign.ttf */,
				31A060B52634440300E7D485 /* Entypo.ttf */,
				31A060BC2634440300E7D485 /* EvilIcons.ttf */,
				31A060BA2634440300E7D485 /* Feather.ttf */,
				31A060C02634440400E7D485 /* FontAwesome.ttf */,
				31A060C12634440400E7D485 /* FontAwesome5_Brands.ttf */,
				31A060B62634440300E7D485 /* FontAwesome5_Regular.ttf */,
				31A060C22634440400E7D485 /* FontAwesome5_Solid.ttf */,
				31A060BF2634440300E7D485 /* Fontisto.ttf */,
				31A060B32634440200E7D485 /* Foundation.ttf */,
				31A060B42634440200E7D485 /* Ionicons.ttf */,
				31A060BE2634440300E7D485 /* MaterialCommunityIcons.ttf */,
				31A060BB2634440300E7D485 /* MaterialIcons.ttf */,
				31A060B92634440300E7D485 /* Octicons.ttf */,
				31A060B82634440300E7D485 /* SimpleLineIcons.ttf */,
				31A060B72634440300E7D485 /* Zocial.ttf */,
			);
			name = Fonts;
			sourceTree = "<group>";
		};
		487F29F96B5A4415B0D8B1DE /* Resources */ = {
			isa = PBXGroup;
			children = (
				368E4DAE61504AF2902B68D4 /* SofiaProBlack.otf */,
				57F58EBC734247BF99FE63CE /* SofiaProBlackItalic.otf */,
				77366C872B594DCC877C0297 /* SofiaProBold.otf */,
				3872EBEF86F74EF9B81A65D4 /* SofiaProBoldItalic.otf */,
				092761566C8347D9AF2F53C6 /* SofiaProExtraLight.otf */,
				B89983705EEB49C29CC69122 /* SofiaProExtraLightItalic.otf */,
				4740B34B69D2404FA691A727 /* SofiaProLight.otf */,
				EB5635E6DBA7441C86F27AE1 /* SofiaProLightItalic.otf */,
				70F64FFF150C41A4B6A1F85F /* SofiaProMedium.otf */,
				0D7F6FFA2E2A4A4194F51CE6 /* SofiaProMediumItalic.otf */,
				42D1A0A7B318464F936DA75B /* SofiaProRegular.otf */,
				92FD3BFD98E04F158F4EA2F9 /* SofiaProRegularItalic.otf */,
				71897E0CCAD845939BFAF380 /* SofiaProSemiBold.otf */,
				F7AFC2BF48724B3196D79961 /* SofiaProSemiBoldItalic.otf */,
				6CA2907A21794B09B719BC39 /* SofiaProUltraLight.otf */,
				2008D7E863584CB694094E2E /* SofiaProUltraLightItalic.otf */,
				2EAC282E064B403CBCC2F3BE /* AntDesign.ttf */,
				F926A82411D64777B2BEEBA2 /* Entypo.ttf */,
				39296B3336DA4713841B985C /* EvilIcons.ttf */,
				6FE3C358441840B2B845A4D8 /* Feather.ttf */,
				5EEF3CCFFEA9474B86AD9B9D /* FontAwesome.ttf */,
				B59322521A3440CCAD44D103 /* FontAwesome5_Brands.ttf */,
				7C21A9145FED491AB6B5203E /* FontAwesome5_Regular.ttf */,
				A09AEBBADB6749ECAB19E398 /* FontAwesome5_Solid.ttf */,
				7C588A567A604323B2E11310 /* Fontisto.ttf */,
				E90169F7BD0149DA8C8A3C5B /* Foundation.ttf */,
				081C35227C054C85B7FDFDE1 /* Ionicons.ttf */,
				8B3BB81D6B704E21A3A880DB /* MaterialCommunityIcons.ttf */,
				606D938DBFE54EFC89B2E626 /* MaterialIcons.ttf */,
				6ACF93BE961143E684E92664 /* Octicons.ttf */,
				90BBFA2EB91B44D2B7C35724 /* SimpleLineIcons.ttf */,
				D022678E009E4E0B984CD81C /* Zocial.ttf */,
			);
			name = Resources;
			sourceTree = "<group>";
		};
		4B52810C63DEED90EF701FF4 /* Pods */ = {
			isa = PBXGroup;
			children = (
				FD07A420B109D9761B52872E /* Pods-AdCast.debug.xcconfig */,
				A45120A6A4AC515AC7AFDFA6 /* Pods-AdCast.release.xcconfig */,
				F9C86F1766B1DA55847F0CF6 /* Pods-AdCast-AdCastTests.debug.xcconfig */,
				BA18CD2E96512139900E7713 /* Pods-AdCast-AdCastTests.release.xcconfig */,
			);
			path = Pods;
			sourceTree = "<group>";
		};
		832341AE1AAA6A7D00B99B32 /* Libraries */ = {
			isa = PBXGroup;
			children = (
			);
			name = Libraries;
			sourceTree = "<group>";
		};
		83CBB9F61A601CBA00E9B192 = {
			isa = PBXGroup;
			children = (
				314D63AE264090BC0072019F /* AdCast-Bridging-Header.h */,
				3112CEE0263C53CE007BCE5A /* AdCast-Bridging-Header.h */,
				31543C022636D2DA00675AD8 /* AdCast-Bridging-Header.h */,
				31A06186263449E400E7D485 /* File.swift */,
				13B07FAE1A68108700A75B9A /* AdCast */,
				832341AE1AAA6A7D00B99B32 /* Libraries */,
				00E356EF1AD99517003FC87E /* AdCastTests */,
				83CBBA001A601CBA00E9B192 /* Products */,
				2D16E6871FA4F8E400B85C8A /* Frameworks */,
				4B52810C63DEED90EF701FF4 /* Pods */,
				487F29F96B5A4415B0D8B1DE /* Resources */,
			);
			indentWidth = 2;
			sourceTree = "<group>";
			tabWidth = 2;
			usesTabs = 0;
		};
		83CBBA001A601CBA00E9B192 /* Products */ = {
			isa = PBXGroup;
			children = (
				13B07F961A680F5B00A75B9A /* AdCast.app */,
				00E356EE1AD99517003FC87E /* AdCastTests.xctest */,
			);
			name = Products;
			sourceTree = "<group>";
		};
/* End PBXGroup section */

/* Begin PBXNativeTarget section */
		00E356ED1AD99517003FC87E /* AdCastTests */ = {
			isa = PBXNativeTarget;
			buildConfigurationList = 00E357021AD99517003FC87E /* Build configuration list for PBXNativeTarget "AdCastTests" */;
			buildPhases = (
				54B9441EED68C854A08A5FC5 /* [CP] Check Pods Manifest.lock */,
				00E356EA1AD99517003FC87E /* Sources */,
				00E356EB1AD99517003FC87E /* Frameworks */,
				00E356EC1AD99517003FC87E /* Resources */,
				68CC872BCC51EFE7597D9086 /* [CP] Copy Pods Resources */,
				9708D61F436746203B283029 /* [CP] Embed Pods Frameworks */,
			);
			buildRules = (
			);
			dependencies = (
				00E356F51AD99517003FC87E /* PBXTargetDependency */,
			);
			name = AdCastTests;
			productName = AdCastTests;
			productReference = 00E356EE1AD99517003FC87E /* AdCastTests.xctest */;
			productType = "com.apple.product-type.bundle.unit-test";
		};
		13B07F861A680F5B00A75B9A /* AdCast */ = {
			isa = PBXNativeTarget;
			buildConfigurationList = 13B07F931A680F5B00A75B9A /* Build configuration list for PBXNativeTarget "AdCast" */;
			buildPhases = (
				1879DA7A284FDF54B39DB219 /* [CP] Check Pods Manifest.lock */,
				FD10A7F022414F080027D42C /* Start Packager */,
				13B07F871A680F5B00A75B9A /* Sources */,
				13B07F8C1A680F5B00A75B9A /* Frameworks */,
				13B07F8E1A680F5B00A75B9A /* Resources */,
				00DD1BFF1BD5951E006B06BC /* Bundle React Native code and images */,
				B7FCE98435B0BE1C95101F13 /* [CP] Copy Pods Resources */,
				D987FE4DEF724B8C073594D8 /* [CP] Embed Pods Frameworks */,
			);
			buildRules = (
			);
			dependencies = (
			);
			name = AdCast;
			productName = AdCast;
			productReference = 13B07F961A680F5B00A75B9A /* AdCast.app */;
			productType = "com.apple.product-type.application";
		};
/* End PBXNativeTarget section */

/* Begin PBXProject section */
		83CBB9F71A601CBA00E9B192 /* Project object */ = {
			isa = PBXProject;
			attributes = {
				LastUpgradeCheck = 1210;
				TargetAttributes = {
					00E356ED1AD99517003FC87E = {
						CreatedOnToolsVersion = 6.2;
						TestTargetID = 13B07F861A680F5B00A75B9A;
					};
					13B07F861A680F5B00A75B9A = {
						LastSwiftMigration = 1240;
					};
				};
			};
			buildConfigurationList = 83CBB9FA1A601CBA00E9B192 /* Build configuration list for PBXProject "AdCast" */;
			compatibilityVersion = "Xcode 12.0";
			developmentRegion = en;
			hasScannedForEncodings = 0;
			knownRegions = (
				en,
				Base,
			);
			mainGroup = 83CBB9F61A601CBA00E9B192;
			productRefGroup = 83CBBA001A601CBA00E9B192 /* Products */;
			projectDirPath = "";
			projectRoot = "";
			targets = (
				13B07F861A680F5B00A75B9A /* AdCast */,
				00E356ED1AD99517003FC87E /* AdCastTests */,
			);
		};
/* End PBXProject section */

/* Begin PBXResourcesBuildPhase section */
		00E356EC1AD99517003FC87E /* Resources */ = {
			isa = PBXResourcesBuildPhase;
			buildActionMask = 2147483647;
			files = (
			);
			runOnlyForDeploymentPostprocessing = 0;
		};
		13B07F8E1A680F5B00A75B9A /* Resources */ = {
			isa = PBXResourcesBuildPhase;
			buildActionMask = 2147483647;
			files = (
				81AB9BB82411601600AC10FF /* LaunchScreen.storyboard in Resources */,
				13B07FBF1A68108700A75B9A /* Images.xcassets in Resources */,
				325FDC8B0A104CF0B4FF3E42 /* SofiaProBlack.otf in Resources */,
				1A970C254C974F458DA3B021 /* SofiaProBlackItalic.otf in Resources */,
				7DBD12130EE74CFFB8DABCBA /* SofiaProBold.otf in Resources */,
				1B61DEE94108482E8CD31268 /* SofiaProBoldItalic.otf in Resources */,
				A18266394686411F8A9A843C /* SofiaProExtraLight.otf in Resources */,
				42ED83137BC2483FBCF8E426 /* SofiaProExtraLightItalic.otf in Resources */,
				04A498E269104826963E337C /* SofiaProLight.otf in Resources */,
				4FEDB6633A8E4E3E8F6CCA58 /* SofiaProLightItalic.otf in Resources */,
				D0D1D046856D41E98FDFC712 /* SofiaProMedium.otf in Resources */,
				9CAE7BD07EB647C1B968EE83 /* SofiaProMediumItalic.otf in Resources */,
				FFBBDB27050646B0A5D631F5 /* SofiaProRegular.otf in Resources */,
				6F4570BD60944BFB8BE58FFF /* SofiaProRegularItalic.otf in Resources */,
				7DCEDB0DB34E44AF9F94CC58 /* SofiaProSemiBold.otf in Resources */,
				5B5014B5276745F8A08FD76D /* SofiaProSemiBoldItalic.otf in Resources */,
				A87A0CF19C1D4FBFB034CE69 /* SofiaProUltraLight.otf in Resources */,
				84F14CE21606467491C7052E /* SofiaProUltraLightItalic.otf in Resources */,
			);
			runOnlyForDeploymentPostprocessing = 0;
		};
/* End PBXResourcesBuildPhase section */

/* Begin PBXShellScriptBuildPhase section */
		00DD1BFF1BD5951E006B06BC /* Bundle React Native code and images */ = {
			isa = PBXShellScriptBuildPhase;
			buildActionMask = 2147483647;
			files = (
			);
			inputPaths = (
			);
			name = "Bundle React Native code and images";
			outputPaths = (
			);
			runOnlyForDeploymentPostprocessing = 0;
			shellPath = /bin/sh;
			shellScript = "set -e\n\nexport NODE_BINARY=node\n../node_modules/react-native/scripts/react-native-xcode.sh\n";
		};
		1879DA7A284FDF54B39DB219 /* [CP] Check Pods Manifest.lock */ = {
			isa = PBXShellScriptBuildPhase;
			buildActionMask = 2147483647;
			files = (
			);
			inputFileListPaths = (
			);
			inputPaths = (
				"${PODS_PODFILE_DIR_PATH}/Podfile.lock",
				"${PODS_ROOT}/Manifest.lock",
			);
			name = "[CP] Check Pods Manifest.lock";
			outputFileListPaths = (
			);
			outputPaths = (
				"$(DERIVED_FILE_DIR)/Pods-AdCast-checkManifestLockResult.txt",
			);
			runOnlyForDeploymentPostprocessing = 0;
			shellPath = /bin/sh;
			shellScript = "diff \"${PODS_PODFILE_DIR_PATH}/Podfile.lock\" \"${PODS_ROOT}/Manifest.lock\" > /dev/null\nif [ $? != 0 ] ; then\n    # print error to STDERR\n    echo \"error: The sandbox is not in sync with the Podfile.lock. Run 'pod install' or update your CocoaPods installation.\" >&2\n    exit 1\nfi\n# This output is used by Xcode 'outputs' to avoid re-running this script phase.\necho \"SUCCESS\" > \"${SCRIPT_OUTPUT_FILE_0}\"\n";
			showEnvVarsInLog = 0;
		};
		54B9441EED68C854A08A5FC5 /* [CP] Check Pods Manifest.lock */ = {
			isa = PBXShellScriptBuildPhase;
			buildActionMask = 2147483647;
			files = (
			);
			inputFileListPaths = (
			);
			inputPaths = (
				"${PODS_PODFILE_DIR_PATH}/Podfile.lock",
				"${PODS_ROOT}/Manifest.lock",
			);
			name = "[CP] Check Pods Manifest.lock";
			outputFileListPaths = (
			);
			outputPaths = (
				"$(DERIVED_FILE_DIR)/Pods-AdCast-AdCastTests-checkManifestLockResult.txt",
			);
			runOnlyForDeploymentPostprocessing = 0;
			shellPath = /bin/sh;
			shellScript = "diff \"${PODS_PODFILE_DIR_PATH}/Podfile.lock\" \"${PODS_ROOT}/Manifest.lock\" > /dev/null\nif [ $? != 0 ] ; then\n    # print error to STDERR\n    echo \"error: The sandbox is not in sync with the Podfile.lock. Run 'pod install' or update your CocoaPods installation.\" >&2\n    exit 1\nfi\n# This output is used by Xcode 'outputs' to avoid re-running this script phase.\necho \"SUCCESS\" > \"${SCRIPT_OUTPUT_FILE_0}\"\n";
			showEnvVarsInLog = 0;
		};
		68CC872BCC51EFE7597D9086 /* [CP] Copy Pods Resources */ = {
			isa = PBXShellScriptBuildPhase;
			buildActionMask = 2147483647;
			files = (
			);
			inputFileListPaths = (
				"${PODS_ROOT}/Target Support Files/Pods-AdCast-AdCastTests/Pods-AdCast-AdCastTests-resources-${CONFIGURATION}-input-files.xcfilelist",
			);
			name = "[CP] Copy Pods Resources";
			outputFileListPaths = (
				"${PODS_ROOT}/Target Support Files/Pods-AdCast-AdCastTests/Pods-AdCast-AdCastTests-resources-${CONFIGURATION}-output-files.xcfilelist",
			);
			runOnlyForDeploymentPostprocessing = 0;
			shellPath = /bin/sh;
			shellScript = "\"${PODS_ROOT}/Target Support Files/Pods-AdCast-AdCastTests/Pods-AdCast-AdCastTests-resources.sh\"\n";
			showEnvVarsInLog = 0;
		};
		9708D61F436746203B283029 /* [CP] Embed Pods Frameworks */ = {
			isa = PBXShellScriptBuildPhase;
			buildActionMask = 2147483647;
			files = (
			);
			inputFileListPaths = (
				"${PODS_ROOT}/Target Support Files/Pods-AdCast-AdCastTests/Pods-AdCast-AdCastTests-frameworks-${CONFIGURATION}-input-files.xcfilelist",
			);
			name = "[CP] Embed Pods Frameworks";
			outputFileListPaths = (
				"${PODS_ROOT}/Target Support Files/Pods-AdCast-AdCastTests/Pods-AdCast-AdCastTests-frameworks-${CONFIGURATION}-output-files.xcfilelist",
			);
			runOnlyForDeploymentPostprocessing = 0;
			shellPath = /bin/sh;
			shellScript = "\"${PODS_ROOT}/Target Support Files/Pods-AdCast-AdCastTests/Pods-AdCast-AdCastTests-frameworks.sh\"\n";
			showEnvVarsInLog = 0;
		};
		B7FCE98435B0BE1C95101F13 /* [CP] Copy Pods Resources */ = {
			isa = PBXShellScriptBuildPhase;
			buildActionMask = 2147483647;
			files = (
			);
			inputFileListPaths = (
				"${PODS_ROOT}/Target Support Files/Pods-AdCast/Pods-AdCast-resources-${CONFIGURATION}-input-files.xcfilelist",
			);
			name = "[CP] Copy Pods Resources";
			outputFileListPaths = (
				"${PODS_ROOT}/Target Support Files/Pods-AdCast/Pods-AdCast-resources-${CONFIGURATION}-output-files.xcfilelist",
			);
			runOnlyForDeploymentPostprocessing = 0;
			shellPath = /bin/sh;
			shellScript = "\"${PODS_ROOT}/Target Support Files/Pods-AdCast/Pods-AdCast-resources.sh\"\n";
			showEnvVarsInLog = 0;
		};
		D987FE4DEF724B8C073594D8 /* [CP] Embed Pods Frameworks */ = {
			isa = PBXShellScriptBuildPhase;
			buildActionMask = 2147483647;
			files = (
			);
			inputFileListPaths = (
				"${PODS_ROOT}/Target Support Files/Pods-AdCast/Pods-AdCast-frameworks-${CONFIGURATION}-input-files.xcfilelist",
			);
			name = "[CP] Embed Pods Frameworks";
			outputFileListPaths = (
				"${PODS_ROOT}/Target Support Files/Pods-AdCast/Pods-AdCast-frameworks-${CONFIGURATION}-output-files.xcfilelist",
			);
			runOnlyForDeploymentPostprocessing = 0;
			shellPath = /bin/sh;
			shellScript = "\"${PODS_ROOT}/Target Support Files/Pods-AdCast/Pods-AdCast-frameworks.sh\"\n";
			showEnvVarsInLog = 0;
		};
		FD10A7F022414F080027D42C /* Start Packager */ = {
			isa = PBXShellScriptBuildPhase;
			buildActionMask = 2147483647;
			files = (
			);
			inputFileListPaths = (
			);
			inputPaths = (
			);
			name = "Start Packager";
			outputFileListPaths = (
			);
			outputPaths = (
			);
			runOnlyForDeploymentPostprocessing = 0;
			shellPath = /bin/sh;
			shellScript = "export RCT_METRO_PORT=\"${RCT_METRO_PORT:=8081}\"\necho \"export RCT_METRO_PORT=${RCT_METRO_PORT}\" > \"${SRCROOT}/../node_modules/react-native/scripts/.packager.env\"\nif [ -z \"${RCT_NO_LAUNCH_PACKAGER+xxx}\" ] ; then\n  if nc -w 5 -z localhost ${RCT_METRO_PORT} ; then\n    if ! curl -s \"http://localhost:${RCT_METRO_PORT}/status\" | grep -q \"packager-status:running\" ; then\n      echo \"Port ${RCT_METRO_PORT} already in use, packager is either not running or not running correctly\"\n      exit 2\n    fi\n  else\n    open \"$SRCROOT/../node_modules/react-native/scripts/launchPackager.command\" || echo \"Can't start packager automatically\"\n  fi\nfi\n";
			showEnvVarsInLog = 0;
		};
/* End PBXShellScriptBuildPhase section */

/* Begin PBXSourcesBuildPhase section */
		00E356EA1AD99517003FC87E /* Sources */ = {
			isa = PBXSourcesBuildPhase;
			buildActionMask = 2147483647;
			files = (
				00E356F31AD99517003FC87E /* AdCastTests.m in Sources */,
			);
			runOnlyForDeploymentPostprocessing = 0;
		};
		13B07F871A680F5B00A75B9A /* Sources */ = {
			isa = PBXSourcesBuildPhase;
			buildActionMask = 2147483647;
			files = (
				13B07FBC1A68108700A75B9A /* AppDelegate.m in Sources */,
				31A06187263449E400E7D485 /* File.swift in Sources */,
				13B07FC11A68108700A75B9A /* main.m in Sources */,
			);
			runOnlyForDeploymentPostprocessing = 0;
		};
/* End PBXSourcesBuildPhase section */

/* Begin PBXTargetDependency section */
		00E356F51AD99517003FC87E /* PBXTargetDependency */ = {
			isa = PBXTargetDependency;
			target = 13B07F861A680F5B00A75B9A /* AdCast */;
			targetProxy = 00E356F41AD99517003FC87E /* PBXContainerItemProxy */;
		};
/* End PBXTargetDependency section */

/* Begin XCBuildConfiguration section */
		00E356F61AD99517003FC87E /* Debug */ = {
			isa = XCBuildConfiguration;
			baseConfigurationReference = F9C86F1766B1DA55847F0CF6 /* Pods-AdCast-AdCastTests.debug.xcconfig */;
			buildSettings = {
				ALWAYS_EMBED_SWIFT_STANDARD_LIBRARIES = YES;
				BUNDLE_LOADER = "$(TEST_HOST)";
				GCC_PREPROCESSOR_DEFINITIONS = (
					"DEBUG=1",
					"$(inherited)",
				);
				INFOPLIST_FILE = AdCastTests/Info.plist;
				IPHONEOS_DEPLOYMENT_TARGET = 10.0;
				LD_RUNPATH_SEARCH_PATHS = (
					"$(inherited)",
					"@executable_path/Frameworks",
					"@loader_path/Frameworks",
				);
				OTHER_LDFLAGS = (
					"-ObjC",
					"-lc++",
					"$(inherited)",
				);
				PRODUCT_BUNDLE_IDENTIFIER = "org.reactjs.native.example.$(PRODUCT_NAME:rfc1034identifier)";
				PRODUCT_NAME = "$(TARGET_NAME)";
				TEST_HOST = "$(BUILT_PRODUCTS_DIR)/AdCast.app/AdCast";
			};
			name = Debug;
		};
		00E356F71AD99517003FC87E /* Release */ = {
			isa = XCBuildConfiguration;
			baseConfigurationReference = BA18CD2E96512139900E7713 /* Pods-AdCast-AdCastTests.release.xcconfig */;
			buildSettings = {
				ALWAYS_EMBED_SWIFT_STANDARD_LIBRARIES = YES;
				BUNDLE_LOADER = "$(TEST_HOST)";
				COPY_PHASE_STRIP = NO;
				INFOPLIST_FILE = AdCastTests/Info.plist;
				IPHONEOS_DEPLOYMENT_TARGET = 10.0;
				LD_RUNPATH_SEARCH_PATHS = (
					"$(inherited)",
					"@executable_path/Frameworks",
					"@loader_path/Frameworks",
				);
				OTHER_LDFLAGS = (
					"-ObjC",
					"-lc++",
					"$(inherited)",
				);
				PRODUCT_BUNDLE_IDENTIFIER = "org.reactjs.native.example.$(PRODUCT_NAME:rfc1034identifier)";
				PRODUCT_NAME = "$(TARGET_NAME)";
				TEST_HOST = "$(BUILT_PRODUCTS_DIR)/AdCast.app/AdCast";
			};
			name = Release;
		};
		13B07F941A680F5B00A75B9A /* Debug */ = {
			isa = XCBuildConfiguration;
			baseConfigurationReference = FD07A420B109D9761B52872E /* Pods-AdCast.debug.xcconfig */;
			buildSettings = {
				ASSETCATALOG_COMPILER_APPICON_NAME = AppIcon;
				CLANG_ENABLE_MODULES = YES;
				CODE_SIGN_ENTITLEMENTS = AdCast/AdCast.entitlements;
				CURRENT_PROJECT_VERSION = 1;
				DEVELOPMENT_TEAM = UL4Q6FXFSF;
				ENABLE_BITCODE = NO;
				INFOPLIST_FILE = AdCast/Info.plist;
				LD_RUNPATH_SEARCH_PATHS = (
					"$(inherited)",
					"@executable_path/Frameworks",
				);
				OTHER_LDFLAGS = (
					"$(inherited)",
					"-ObjC",
					"-lc++",
				);
				PRODUCT_BUNDLE_IDENTIFIER = "org.reactjs.native.example.$(PRODUCT_NAME:rfc1034identifier)";
				PRODUCT_NAME = AdCast;
				SWIFT_OBJC_BRIDGING_HEADER = "AdCast-Bridging-Header.h";
				SWIFT_OPTIMIZATION_LEVEL = "-Onone";
				SWIFT_VERSION = 5.0;
				VERSIONING_SYSTEM = "apple-generic";
			};
			name = Debug;
		};
		13B07F951A680F5B00A75B9A /* Release */ = {
			isa = XCBuildConfiguration;
			baseConfigurationReference = A45120A6A4AC515AC7AFDFA6 /* Pods-AdCast.release.xcconfig */;
			buildSettings = {
				ASSETCATALOG_COMPILER_APPICON_NAME = AppIcon;
				CLANG_ENABLE_MODULES = YES;
				CODE_SIGN_ENTITLEMENTS = AdCast/AdCast.entitlements;
				CURRENT_PROJECT_VERSION = 1;
				DEVELOPMENT_TEAM = UL4Q6FXFSF;
				INFOPLIST_FILE = AdCast/Info.plist;
				LD_RUNPATH_SEARCH_PATHS = (
					"$(inherited)",
					"@executable_path/Frameworks",
				);
				OTHER_LDFLAGS = (
					"$(inherited)",
					"-ObjC",
					"-lc++",
				);
				PRODUCT_BUNDLE_IDENTIFIER = "org.reactjs.native.example.$(PRODUCT_NAME:rfc1034identifier)";
				PRODUCT_NAME = AdCast;
				SWIFT_OBJC_BRIDGING_HEADER = "AdCast-Bridging-Header.h";
				SWIFT_VERSION = 5.0;
				VERSIONING_SYSTEM = "apple-generic";
			};
			name = Release;
		};
		83CBBA201A601CBA00E9B192 /* Debug */ = {
			isa = XCBuildConfiguration;
			buildSettings = {
				ALWAYS_SEARCH_USER_PATHS = NO;
				CLANG_ANALYZER_LOCALIZABILITY_NONLOCALIZED = YES;
				CLANG_CXX_LANGUAGE_STANDARD = "gnu++0x";
				CLANG_CXX_LIBRARY = "libc++";
				CLANG_ENABLE_MODULES = YES;
				CLANG_ENABLE_OBJC_ARC = YES;
				CLANG_WARN_BLOCK_CAPTURE_AUTORELEASING = YES;
				CLANG_WARN_BOOL_CONVERSION = YES;
				CLANG_WARN_COMMA = YES;
				CLANG_WARN_CONSTANT_CONVERSION = YES;
				CLANG_WARN_DEPRECATED_OBJC_IMPLEMENTATIONS = YES;
				CLANG_WARN_DIRECT_OBJC_ISA_USAGE = YES_ERROR;
				CLANG_WARN_EMPTY_BODY = YES;
				CLANG_WARN_ENUM_CONVERSION = YES;
				CLANG_WARN_INFINITE_RECURSION = YES;
				CLANG_WARN_INT_CONVERSION = YES;
				CLANG_WARN_NON_LITERAL_NULL_CONVERSION = YES;
				CLANG_WARN_OBJC_IMPLICIT_RETAIN_SELF = YES;
				CLANG_WARN_OBJC_LITERAL_CONVERSION = YES;
				CLANG_WARN_OBJC_ROOT_CLASS = YES_ERROR;
				CLANG_WARN_QUOTED_INCLUDE_IN_FRAMEWORK_HEADER = YES;
				CLANG_WARN_RANGE_LOOP_ANALYSIS = YES;
				CLANG_WARN_STRICT_PROTOTYPES = YES;
				CLANG_WARN_SUSPICIOUS_MOVE = YES;
				CLANG_WARN_UNREACHABLE_CODE = YES;
				CLANG_WARN__DUPLICATE_METHOD_MATCH = YES;
				"CODE_SIGN_IDENTITY[sdk=iphoneos*]" = "iPhone Developer";
				COPY_PHASE_STRIP = NO;
				ENABLE_STRICT_OBJC_MSGSEND = YES;
				ENABLE_TESTABILITY = YES;
				"EXCLUDED_ARCHS[sdk=iphonesimulator*]" = "arm64 ";
				GCC_C_LANGUAGE_STANDARD = gnu99;
				GCC_DYNAMIC_NO_PIC = NO;
				GCC_NO_COMMON_BLOCKS = YES;
				GCC_OPTIMIZATION_LEVEL = 0;
				GCC_PREPROCESSOR_DEFINITIONS = (
					"DEBUG=1",
					"$(inherited)",
				);
				GCC_SYMBOLS_PRIVATE_EXTERN = NO;
				GCC_WARN_64_TO_32_BIT_CONVERSION = YES;
				GCC_WARN_ABOUT_RETURN_TYPE = YES_ERROR;
				GCC_WARN_UNDECLARED_SELECTOR = YES;
				GCC_WARN_UNINITIALIZED_AUTOS = YES_AGGRESSIVE;
				GCC_WARN_UNUSED_FUNCTION = YES;
				GCC_WARN_UNUSED_VARIABLE = YES;
				IPHONEOS_DEPLOYMENT_TARGET = 10.0;
				LD_RUNPATH_SEARCH_PATHS = (
					/usr/lib/swift,
					"$(inherited)",
				);
				LIBRARY_SEARCH_PATHS = (
					"\"$(TOOLCHAIN_DIR)/usr/lib/swift/$(PLATFORM_NAME)\"",
					"\"$(TOOLCHAIN_DIR)/usr/lib/swift-5.0/$(PLATFORM_NAME)\"",
					"\"$(inherited)\"",
				);
				MTL_ENABLE_DEBUG_INFO = YES;
				ONLY_ACTIVE_ARCH = YES;
				SDKROOT = iphoneos;
			};
			name = Debug;
		};
		83CBBA211A601CBA00E9B192 /* Release */ = {
			isa = XCBuildConfiguration;
			buildSettings = {
				ALWAYS_SEARCH_USER_PATHS = NO;
				CLANG_ANALYZER_LOCALIZABILITY_NONLOCALIZED = YES;
				CLANG_CXX_LANGUAGE_STANDARD = "gnu++0x";
				CLANG_CXX_LIBRARY = "libc++";
				CLANG_ENABLE_MODULES = YES;
				CLANG_ENABLE_OBJC_ARC = YES;
				CLANG_WARN_BLOCK_CAPTURE_AUTORELEASING = YES;
				CLANG_WARN_BOOL_CONVERSION = YES;
				CLANG_WARN_COMMA = YES;
				CLANG_WARN_CONSTANT_CONVERSION = YES;
				CLANG_WARN_DEPRECATED_OBJC_IMPLEMENTATIONS = YES;
				CLANG_WARN_DIRECT_OBJC_ISA_USAGE = YES_ERROR;
				CLANG_WARN_EMPTY_BODY = YES;
				CLANG_WARN_ENUM_CONVERSION = YES;
				CLANG_WARN_INFINITE_RECURSION = YES;
				CLANG_WARN_INT_CONVERSION = YES;
				CLANG_WARN_NON_LITERAL_NULL_CONVERSION = YES;
				CLANG_WARN_OBJC_IMPLICIT_RETAIN_SELF = YES;
				CLANG_WARN_OBJC_LITERAL_CONVERSION = YES;
				CLANG_WARN_OBJC_ROOT_CLASS = YES_ERROR;
				CLANG_WARN_QUOTED_INCLUDE_IN_FRAMEWORK_HEADER = YES;
				CLANG_WARN_RANGE_LOOP_ANALYSIS = YES;
				CLANG_WARN_STRICT_PROTOTYPES = YES;
				CLANG_WARN_SUSPICIOUS_MOVE = YES;
				CLANG_WARN_UNREACHABLE_CODE = YES;
				CLANG_WARN__DUPLICATE_METHOD_MATCH = YES;
				"CODE_SIGN_IDENTITY[sdk=iphoneos*]" = "iPhone Developer";
				COPY_PHASE_STRIP = YES;
				ENABLE_NS_ASSERTIONS = NO;
				ENABLE_STRICT_OBJC_MSGSEND = YES;
				"EXCLUDED_ARCHS[sdk=iphonesimulator*]" = "arm64 ";
				GCC_C_LANGUAGE_STANDARD = gnu99;
				GCC_NO_COMMON_BLOCKS = YES;
				GCC_WARN_64_TO_32_BIT_CONVERSION = YES;
				GCC_WARN_ABOUT_RETURN_TYPE = YES_ERROR;
				GCC_WARN_UNDECLARED_SELECTOR = YES;
				GCC_WARN_UNINITIALIZED_AUTOS = YES_AGGRESSIVE;
				GCC_WARN_UNUSED_FUNCTION = YES;
				GCC_WARN_UNUSED_VARIABLE = YES;
				IPHONEOS_DEPLOYMENT_TARGET = 10.0;
				LD_RUNPATH_SEARCH_PATHS = (
					/usr/lib/swift,
					"$(inherited)",
				);
				LIBRARY_SEARCH_PATHS = (
					"\"$(TOOLCHAIN_DIR)/usr/lib/swift/$(PLATFORM_NAME)\"",
					"\"$(TOOLCHAIN_DIR)/usr/lib/swift-5.0/$(PLATFORM_NAME)\"",
					"\"$(inherited)\"",
				);
				MTL_ENABLE_DEBUG_INFO = NO;
				SDKROOT = iphoneos;
				VALIDATE_PRODUCT = YES;
			};
			name = Release;
		};
/* End XCBuildConfiguration section */

/* Begin XCConfigurationList section */
		00E357021AD99517003FC87E /* Build configuration list for PBXNativeTarget "AdCastTests" */ = {
			isa = XCConfigurationList;
			buildConfigurations = (
				00E356F61AD99517003FC87E /* Debug */,
				00E356F71AD99517003FC87E /* Release */,
			);
			defaultConfigurationIsVisible = 0;
			defaultConfigurationName = Release;
		};
		13B07F931A680F5B00A75B9A /* Build configuration list for PBXNativeTarget "AdCast" */ = {
			isa = XCConfigurationList;
			buildConfigurations = (
				13B07F941A680F5B00A75B9A /* Debug */,
				13B07F951A680F5B00A75B9A /* Release */,
			);
			defaultConfigurationIsVisible = 0;
			defaultConfigurationName = Release;
		};
		83CBB9FA1A601CBA00E9B192 /* Build configuration list for PBXProject "AdCast" */ = {
			isa = XCConfigurationList;
			buildConfigurations = (
				83CBBA201A601CBA00E9B192 /* Debug */,
				83CBBA211A601CBA00E9B192 /* Release */,
			);
			defaultConfigurationIsVisible = 0;
			defaultConfigurationName = Release;
		};
/* End XCConfigurationList section */
	};
	rootObject = 83CBB9F71A601CBA00E9B192 /* Project object */;
}
